// !$*UTF8*$!
{
	archiveVersion = 1;
	classes = {
	};
	objectVersion = 56;
	objects = {

/* Begin PBXBuildFile section */
		072F39DC2A8F1A8100059D7E /* demoApp.swift in Sources */ = {isa = PBXBuildFile; fileRef = 072F39DB2A8F1A8100059D7E /* demoApp.swift */; };
		072F39DE2A8F1A8100059D7E /* ContentView.swift in Sources */ = {isa = PBXBuildFile; fileRef = 072F39DD2A8F1A8100059D7E /* ContentView.swift */; };
		072F39E02A8F1A8200059D7E /* Assets.xcassets in Resources */ = {isa = PBXBuildFile; fileRef = 072F39DF2A8F1A8200059D7E /* Assets.xcassets */; };
		072F39E32A8F1A8200059D7E /* Preview Assets.xcassets in Resources */ = {isa = PBXBuildFile; fileRef = 072F39E22A8F1A8200059D7E /* Preview Assets.xcassets */; };
		072F39EB2A8F1ABB00059D7E /* C01_HelloWorld.swift in Sources */ = {isa = PBXBuildFile; fileRef = 072F39EA2A8F1ABB00059D7E /* C01_HelloWorld.swift */; };
		072F39EF2A8F1D2F00059D7E /* C02_Previews.swift in Sources */ = {isa = PBXBuildFile; fileRef = 072F39EE2A8F1D2F00059D7E /* C02_Previews.swift */; };
		072F39F12A8F1EE600059D7E /* C03_ImageView.swift in Sources */ = {isa = PBXBuildFile; fileRef = 072F39F02A8F1EE600059D7E /* C03_ImageView.swift */; };
		072F39F32A8F215A00059D7E /* C04_Button.swift in Sources */ = {isa = PBXBuildFile; fileRef = 072F39F22A8F215A00059D7E /* C04_Button.swift */; };
		072F39F52A8F22A500059D7E /* C05_NavigationStack.swift in Sources */ = {isa = PBXBuildFile; fileRef = 072F39F42A8F22A500059D7E /* C05_NavigationStack.swift */; };
		072F39F72A8F273300059D7E /* C06_ListView.swift in Sources */ = {isa = PBXBuildFile; fileRef = 072F39F62A8F273300059D7E /* C06_ListView.swift */; };
		072F39F92A8F2C3D00059D7E /* C07_Form.swift in Sources */ = {isa = PBXBuildFile; fileRef = 072F39F82A8F2C3D00059D7E /* C07_Form.swift */; };
		072F39FC2A8F2E3800059D7E /* MyView.swift in Sources */ = {isa = PBXBuildFile; fileRef = 072F39FB2A8F2E3800059D7E /* MyView.swift */; };
		072F39FE2A8F321E00059D7E /* C11_Shadows.swift in Sources */ = {isa = PBXBuildFile; fileRef = 072F39FD2A8F321E00059D7E /* C11_Shadows.swift */; };
		072F3A002A8F332200059D7E /* C12_ClipViews.swift in Sources */ = {isa = PBXBuildFile; fileRef = 072F39FF2A8F332200059D7E /* C12_ClipViews.swift */; };
		072F3A022A8F378C00059D7E /* C13_Opacity.swift in Sources */ = {isa = PBXBuildFile; fileRef = 072F3A012A8F378B00059D7E /* C13_Opacity.swift */; };
		072F3A042A8F38B300059D7E /* C14_Circular.swift in Sources */ = {isa = PBXBuildFile; fileRef = 072F3A032A8F38B300059D7E /* C14_Circular.swift */; };
		072F3A062A8F3A2900059D7E /* C15_Grid.swift in Sources */ = {isa = PBXBuildFile; fileRef = 072F3A052A8F3A2900059D7E /* C15_Grid.swift */; };
		072F3A082A8F3C9400059D7E /* C16_ CustomShapeView.swift in Sources */ = {isa = PBXBuildFile; fileRef = 072F3A072A8F3C9400059D7E /* C16_ CustomShapeView.swift */; };
		072F3A0B2A8F3E3600059D7E /* C21_State.swift in Sources */ = {isa = PBXBuildFile; fileRef = 072F3A0A2A8F3E3600059D7E /* C21_State.swift */; };
		072F3A0D2A8F3F2A00059D7E /* C22_Binding.swift in Sources */ = {isa = PBXBuildFile; fileRef = 072F3A0C2A8F3F2A00059D7E /* C22_Binding.swift */; };
		072F3A0F2A8F423800059D7E /* C23_ObservableObject.swift in Sources */ = {isa = PBXBuildFile; fileRef = 072F3A0E2A8F423800059D7E /* C23_ObservableObject.swift */; };
		072F3A112A8F43CA00059D7E /* C24_Environment Objects.swift in Sources */ = {isa = PBXBuildFile; fileRef = 072F3A102A8F43CA00059D7E /* C24_Environment Objects.swift */; };
		072F3A132A8F4A1900059D7E /* C25_Managing Observable Objects With StateObject.swift in Sources */ = {isa = PBXBuildFile; fileRef = 072F3A122A8F4A1900059D7E /* C25_Managing Observable Objects With StateObject.swift */; };
		072F3A152A8F64B300059D7E /* C26_Combine.swift in Sources */ = {isa = PBXBuildFile; fileRef = 072F3A142A8F64B300059D7E /* C26_Combine.swift */; };
		072F3A172A8F66DF00059D7E /* C27_AppStorage.swift in Sources */ = {isa = PBXBuildFile; fileRef = 072F3A162A8F66DF00059D7E /* C27_AppStorage.swift */; };
		072F3A192A8F67F100059D7E /* C28_SceneStorage.swift in Sources */ = {isa = PBXBuildFile; fileRef = 072F3A182A8F67F100059D7E /* C28_SceneStorage.swift */; };
		072F3A1B2A8F6A3200059D7E /* C29_Environment.swift in Sources */ = {isa = PBXBuildFile; fileRef = 072F3A1A2A8F6A3200059D7E /* C29_Environment.swift */; };
		072F3A1D2A8F703800059D7E /* C2901.swift in Sources */ = {isa = PBXBuildFile; fileRef = 072F3A1C2A8F703800059D7E /* C2901.swift */; };
		072F3A202A8F723600059D7E /* C30_Styling.swift in Sources */ = {isa = PBXBuildFile; fileRef = 072F3A1F2A8F723600059D7E /* C30_Styling.swift */; };
		072F3A222A8F729900059D7E /* C31_Multiline Text View.swift in Sources */ = {isa = PBXBuildFile; fileRef = 072F3A212A8F729900059D7E /* C31_Multiline Text View.swift */; };
		072F3A242A8F737900059D7E /* C32_Dynamic Type Text Styles.swift in Sources */ = {isa = PBXBuildFile; fileRef = 072F3A232A8F737900059D7E /* C32_Dynamic Type Text Styles.swift */; };
		072F3A262A8F753800059D7E /* C33_Format Text.swift in Sources */ = {isa = PBXBuildFile; fileRef = 072F3A252A8F753800059D7E /* C33_Format Text.swift */; };
		072F3A282A8F76C900059D7E /* Lobster-Regular.ttf in Resources */ = {isa = PBXBuildFile; fileRef = 072F3A272A8F76C800059D7E /* Lobster-Regular.ttf */; };
		072F3A2B2A8F773200059D7E /* C34_Custom Fonts.swift in Sources */ = {isa = PBXBuildFile; fileRef = 072F3A2A2A8F773200059D7E /* C34_Custom Fonts.swift */; };
		072F3A2D2A8F77DD00059D7E /* C35_Text Field.swift in Sources */ = {isa = PBXBuildFile; fileRef = 072F3A2C2A8F77DD00059D7E /* C35_Text Field.swift */; };
		072F3A2F2A8F78CB00059D7E /* C36_Secure Field.swift in Sources */ = {isa = PBXBuildFile; fileRef = 072F3A2E2A8F78CB00059D7E /* C36_Secure Field.swift */; };
		072F3A312A8F796D00059D7E /* C37_Text Field Keyboard Type.swift in Sources */ = {isa = PBXBuildFile; fileRef = 072F3A302A8F796D00059D7E /* C37_Text Field Keyboard Type.swift */; };
		072F3A342A8F7ADB00059D7E /* C40_Image.swift in Sources */ = {isa = PBXBuildFile; fileRef = 072F3A332A8F7ADB00059D7E /* C40_Image.swift */; };
		072F3A362A8F7C4400059D7E /* C41_Crop an Image.swift in Sources */ = {isa = PBXBuildFile; fileRef = 072F3A352A8F7C4400059D7E /* C41_Crop an Image.swift */; };
		072F3A382A8F7CEE00059D7E /* C42_Icon from SF Symbols.swift in Sources */ = {isa = PBXBuildFile; fileRef = 072F3A372A8F7CEE00059D7E /* C42_Icon from SF Symbols.swift */; };
		072F3A3A2A8F7ED000059D7E /* C43_Context.swift in Sources */ = {isa = PBXBuildFile; fileRef = 072F3A392A8F7ED000059D7E /* C43_Context.swift */; };
		072F3A3C2A8F7FD200059D7E /* C44_Custom Shape for an Image.swift in Sources */ = {isa = PBXBuildFile; fileRef = 072F3A3B2A8F7FD200059D7E /* C44_Custom Shape for an Image.swift */; };
		072F3A402A8F815900059D7E /* C45_Shadow.swift in Sources */ = {isa = PBXBuildFile; fileRef = 072F3A3F2A8F815900059D7E /* C45_Shadow.swift */; };
		072F3A422A8F840800059D7E /* C46_Filter.swift in Sources */ = {isa = PBXBuildFile; fileRef = 072F3A412A8F840800059D7E /* C46_Filter.swift */; };
		074355F72AAEBBCA00AE5463 /* Create a Segmented Control.swift in Sources */ = {isa = PBXBuildFile; fileRef = 074355F62AAEBBCA00AE5463 /* Create a Segmented Control.swift */; };
		074355F92AAEBDCC00AE5463 /* Create a Color Picker.swift in Sources */ = {isa = PBXBuildFile; fileRef = 074355F82AAEBDCC00AE5463 /* Create a Color Picker.swift */; };
		074355FC2AAEC14800AE5463 /* Customize Tab View Appearance.swift in Sources */ = {isa = PBXBuildFile; fileRef = 074355FB2AAEC14800AE5463 /* Customize Tab View Appearance.swift */; };
		074355FE2AAEC25300AE5463 /* Add Custom Icons to Tab View Items.swift in Sources */ = {isa = PBXBuildFile; fileRef = 074355FD2AAEC25300AE5463 /* Add Custom Icons to Tab View Items.swift */; };
		074356002AAEC2F500AE5463 /* Create a Split View.swift in Sources */ = {isa = PBXBuildFile; fileRef = 074355FF2AAEC2F500AE5463 /* Create a Split View.swift */; };
		074356022AAEC50B00AE5463 /* Customize Split View Appearance.swift in Sources */ = {isa = PBXBuildFile; fileRef = 074356012AAEC50B00AE5463 /* Customize Split View Appearance.swift */; };
		074356042AAEC7B200AE5463 /* Add Detail View to Split View.swift in Sources */ = {isa = PBXBuildFile; fileRef = 074356032AAEC7B200AE5463 /* Add Detail View to Split View.swift */; };
		074356062AAEDA5B00AE5463 /* Present Modal View.swift in Sources */ = {isa = PBXBuildFile; fileRef = 074356052AAEDA5B00AE5463 /* Present Modal View.swift */; };
		074356082AAEDCAF00AE5463 /* Hide a Tab View.swift in Sources */ = {isa = PBXBuildFile; fileRef = 074356072AAEDCAF00AE5463 /* Hide a Tab View.swift */; };
		0743560A2AAEDE7B00AE5463 /* Add a Tab View to Navigation View.swift in Sources */ = {isa = PBXBuildFile; fileRef = 074356092AAEDE7B00AE5463 /* Add a Tab View to Navigation View.swift */; };
		0743560D2AAEDF2B00AE5463 /* Animate a Progress Bar.swift in Sources */ = {isa = PBXBuildFile; fileRef = 0743560C2AAEDF2B00AE5463 /* Animate a Progress Bar.swift */; };
		074356172AAEE4B000AE5463 /* Create a Spinning Activity Indicator.swift in Sources */ = {isa = PBXBuildFile; fileRef = 074356162AAEE4B000AE5463 /* Create a Spinning Activity Indicator.swift */; };
		074356192AAEE95100AE5463 /* Customize the Style of Progress Indicators.swift in Sources */ = {isa = PBXBuildFile; fileRef = 074356182AAEE95100AE5463 /* Customize the Style of Progress Indicators.swift */; };
		0743561B2AAEEFD700AE5463 /* Create a Circular Progress Bar.swift in Sources */ = {isa = PBXBuildFile; fileRef = 0743561A2AAEEFD700AE5463 /* Create a Circular Progress Bar.swift */; };
		0743561D2AAEF5FF00AE5463 /* Indicate Indeterminate Progress.swift in Sources */ = {isa = PBXBuildFile; fileRef = 0743561C2AAEF5FF00AE5463 /* Indicate Indeterminate Progress.swift */; };
		0743561F2AAEF7F000AE5463 /* Add a Progress View to a Navigation Bar.swift in Sources */ = {isa = PBXBuildFile; fileRef = 0743561E2AAEF7F000AE5463 /* Add a Progress View to a Navigation Bar.swift */; };
		074356212AAEF85B00AE5463 /* Make a Custom Segmented Progress Bar.swift in Sources */ = {isa = PBXBuildFile; fileRef = 074356202AAEF85B00AE5463 /* Make a Custom Segmented Progress Bar.swift */; };
		07B592422A9F0CB9008142A2 /* C48_PhotosPicker.swift in Sources */ = {isa = PBXBuildFile; fileRef = 07B592412A9F0CB9008142A2 /* C48_PhotosPicker.swift */; };
		07B592442A9F1075008142A2 /* C49_Rendering.swift in Sources */ = {isa = PBXBuildFile; fileRef = 07B592432A9F1075008142A2 /* C49_Rendering.swift */; };
		07B592472A9F130C008142A2 /* C50_Button.swift in Sources */ = {isa = PBXBuildFile; fileRef = 07B592462A9F130C008142A2 /* C50_Button.swift */; };
		07B5924B2A9F17A9008142A2 /* C51_DisableButton.swift in Sources */ = {isa = PBXBuildFile; fileRef = 07B5924A2A9F17A9008142A2 /* C51_DisableButton.swift */; };
		07B5924D2A9F1B3E008142A2 /* C52_IconButton.swift in Sources */ = {isa = PBXBuildFile; fileRef = 07B5924C2A9F1B3E008142A2 /* C52_IconButton.swift */; };
		07BBCBAA2AA878D6002A7389 /* ListDemo.swift in Sources */ = {isa = PBXBuildFile; fileRef = 07BBCBA92AA878D6002A7389 /* ListDemo.swift */; };
		07BBCBAC2AA87BA2002A7389 /* Customize List Rows .swift in Sources */ = {isa = PBXBuildFile; fileRef = 07BBCBAB2AA87BA2002A7389 /* Customize List Rows .swift */; };
		07BBCBAE2AA87D17002A7389 /* Add Navigation to a List.swift in Sources */ = {isa = PBXBuildFile; fileRef = 07BBCBAD2AA87D17002A7389 /* Add Navigation to a List.swift */; };
		07BBCBB02AA87FF3002A7389 /* NavigationTitle.swift in Sources */ = {isa = PBXBuildFile; fileRef = 07BBCBAF2AA87FF3002A7389 /* NavigationTitle.swift */; };
		07BBCBB22AA8810C002A7389 /* Add a Button to a NavigationBar.swift in Sources */ = {isa = PBXBuildFile; fileRef = 07BBCBB12AA8810C002A7389 /* Add a Button to a NavigationBar.swift */; };
		07BBCBB42AA88189002A7389 /* Implement Section Headers in a List.swift in Sources */ = {isa = PBXBuildFile; fileRef = 07BBCBB32AA88189002A7389 /* Implement Section Headers in a List.swift */; };
		07BBCBB62AA88302002A7389 /* Create a Search Bar in a List.swift in Sources */ = {isa = PBXBuildFile; fileRef = 07BBCBB52AA88302002A7389 /* Create a Search Bar in a List.swift */; };
		07BBCBB82AA88443002A7389 /* Add Swipe Actions to a List.swift in Sources */ = {isa = PBXBuildFile; fileRef = 07BBCBB72AA88443002A7389 /* Add Swipe Actions to a List.swift */; };
		07BBCBBA2AA885D6002A7389 /* Create a TabView with Lists.swift in Sources */ = {isa = PBXBuildFile; fileRef = 07BBCBB92AA885D6002A7389 /* Create a TabView with Lists.swift */; };
		07BBCBBC2AA886F1002A7389 /* Create an Infinitely Scrolling List.swift in Sources */ = {isa = PBXBuildFile; fileRef = 07BBCBBB2AA886F1002A7389 /* Create an Infinitely Scrolling List.swift */; };
		07BBCBBF2AA88890002A7389 /* Create a Form With Sections.swift in Sources */ = {isa = PBXBuildFile; fileRef = 07BBCBBE2AA88890002A7389 /* Create a Form With Sections.swift */; };
		07BBCBC12AA88970002A7389 /* Create a Checkbox.swift in Sources */ = {isa = PBXBuildFile; fileRef = 07BBCBC02AA88970002A7389 /* Create a Checkbox.swift */; };
		07BBCBC32AA88B2E002A7389 /* Add a Stepper.swift in Sources */ = {isa = PBXBuildFile; fileRef = 07BBCBC22AA88B2E002A7389 /* Add a Stepper.swift */; };
		07BBCBC52AA88BCB002A7389 /* Create a Picke.swift in Sources */ = {isa = PBXBuildFile; fileRef = 07BBCBC42AA88BCB002A7389 /* Create a Picke.swift */; };
		07BBCBC72AA88E29002A7389 /* Create a Date Picker.swift in Sources */ = {isa = PBXBuildFile; fileRef = 07BBCBC62AA88E29002A7389 /* Create a Date Picker.swift */; };
		07BBCBC92AA88F09002A7389 /* Create a Slider.swift in Sources */ = {isa = PBXBuildFile; fileRef = 07BBCBC82AA88F09002A7389 /* Create a Slider.swift */; };
		07C33A382A9301560089A9B1 /* C47_Blend Two Images.swift in Sources */ = {isa = PBXBuildFile; fileRef = 07C33A372A9301560089A9B1 /* C47_Blend Two Images.swift */; };
/* End PBXBuildFile section */

/* Begin PBXFileReference section */
		072F39D82A8F1A8100059D7E /* demo.app */ = {isa = PBXFileReference; explicitFileType = wrapper.application; includeInIndex = 0; path = demo.app; sourceTree = BUILT_PRODUCTS_DIR; };
		072F39DB2A8F1A8100059D7E /* demoApp.swift */ = {isa = PBXFileReference; lastKnownFileType = sourcecode.swift; path = demoApp.swift; sourceTree = "<group>"; };
		072F39DD2A8F1A8100059D7E /* ContentView.swift */ = {isa = PBXFileReference; lastKnownFileType = sourcecode.swift; path = ContentView.swift; sourceTree = "<group>"; };
		072F39DF2A8F1A8200059D7E /* Assets.xcassets */ = {isa = PBXFileReference; lastKnownFileType = folder.assetcatalog; path = Assets.xcassets; sourceTree = "<group>"; };
		072F39E22A8F1A8200059D7E /* Preview Assets.xcassets */ = {isa = PBXFileReference; lastKnownFileType = folder.assetcatalog; path = "Preview Assets.xcassets"; sourceTree = "<group>"; };
		072F39EA2A8F1ABB00059D7E /* C01_HelloWorld.swift */ = {isa = PBXFileReference; lastKnownFileType = sourcecode.swift; path = C01_HelloWorld.swift; sourceTree = "<group>"; };
		072F39EE2A8F1D2F00059D7E /* C02_Previews.swift */ = {isa = PBXFileReference; lastKnownFileType = sourcecode.swift; path = C02_Previews.swift; sourceTree = "<group>"; };
		072F39F02A8F1EE600059D7E /* C03_ImageView.swift */ = {isa = PBXFileReference; lastKnownFileType = sourcecode.swift; path = C03_ImageView.swift; sourceTree = "<group>"; };
		072F39F22A8F215A00059D7E /* C04_Button.swift */ = {isa = PBXFileReference; lastKnownFileType = sourcecode.swift; path = C04_Button.swift; sourceTree = "<group>"; };
		072F39F42A8F22A500059D7E /* C05_NavigationStack.swift */ = {isa = PBXFileReference; lastKnownFileType = sourcecode.swift; path = C05_NavigationStack.swift; sourceTree = "<group>"; };
		072F39F62A8F273300059D7E /* C06_ListView.swift */ = {isa = PBXFileReference; lastKnownFileType = sourcecode.swift; path = C06_ListView.swift; sourceTree = "<group>"; };
		072F39F82A8F2C3D00059D7E /* C07_Form.swift */ = {isa = PBXFileReference; lastKnownFileType = sourcecode.swift; path = C07_Form.swift; sourceTree = "<group>"; };
		072F39FB2A8F2E3800059D7E /* MyView.swift */ = {isa = PBXFileReference; lastKnownFileType = sourcecode.swift; path = MyView.swift; sourceTree = "<group>"; };
		072F39FD2A8F321E00059D7E /* C11_Shadows.swift */ = {isa = PBXFileReference; lastKnownFileType = sourcecode.swift; path = C11_Shadows.swift; sourceTree = "<group>"; };
		072F39FF2A8F332200059D7E /* C12_ClipViews.swift */ = {isa = PBXFileReference; lastKnownFileType = sourcecode.swift; path = C12_ClipViews.swift; sourceTree = "<group>"; };
		072F3A012A8F378B00059D7E /* C13_Opacity.swift */ = {isa = PBXFileReference; lastKnownFileType = sourcecode.swift; path = C13_Opacity.swift; sourceTree = "<group>"; };
		072F3A032A8F38B300059D7E /* C14_Circular.swift */ = {isa = PBXFileReference; lastKnownFileType = sourcecode.swift; path = C14_Circular.swift; sourceTree = "<group>"; };
		072F3A052A8F3A2900059D7E /* C15_Grid.swift */ = {isa = PBXFileReference; lastKnownFileType = sourcecode.swift; path = C15_Grid.swift; sourceTree = "<group>"; };
		072F3A072A8F3C9400059D7E /* C16_ CustomShapeView.swift */ = {isa = PBXFileReference; lastKnownFileType = sourcecode.swift; path = "C16_ CustomShapeView.swift"; sourceTree = "<group>"; };
		072F3A0A2A8F3E3600059D7E /* C21_State.swift */ = {isa = PBXFileReference; lastKnownFileType = sourcecode.swift; path = C21_State.swift; sourceTree = "<group>"; };
		072F3A0C2A8F3F2A00059D7E /* C22_Binding.swift */ = {isa = PBXFileReference; lastKnownFileType = sourcecode.swift; path = C22_Binding.swift; sourceTree = "<group>"; };
		072F3A0E2A8F423800059D7E /* C23_ObservableObject.swift */ = {isa = PBXFileReference; lastKnownFileType = sourcecode.swift; path = C23_ObservableObject.swift; sourceTree = "<group>"; };
		072F3A102A8F43CA00059D7E /* C24_Environment Objects.swift */ = {isa = PBXFileReference; lastKnownFileType = sourcecode.swift; path = "C24_Environment Objects.swift"; sourceTree = "<group>"; };
		072F3A122A8F4A1900059D7E /* C25_Managing Observable Objects With StateObject.swift */ = {isa = PBXFileReference; lastKnownFileType = sourcecode.swift; path = "C25_Managing Observable Objects With StateObject.swift"; sourceTree = "<group>"; };
		072F3A142A8F64B300059D7E /* C26_Combine.swift */ = {isa = PBXFileReference; lastKnownFileType = sourcecode.swift; path = C26_Combine.swift; sourceTree = "<group>"; };
		072F3A162A8F66DF00059D7E /* C27_AppStorage.swift */ = {isa = PBXFileReference; lastKnownFileType = sourcecode.swift; path = C27_AppStorage.swift; sourceTree = "<group>"; };
		072F3A182A8F67F100059D7E /* C28_SceneStorage.swift */ = {isa = PBXFileReference; lastKnownFileType = sourcecode.swift; path = C28_SceneStorage.swift; sourceTree = "<group>"; };
		072F3A1A2A8F6A3200059D7E /* C29_Environment.swift */ = {isa = PBXFileReference; lastKnownFileType = sourcecode.swift; path = C29_Environment.swift; sourceTree = "<group>"; };
		072F3A1C2A8F703800059D7E /* C2901.swift */ = {isa = PBXFileReference; lastKnownFileType = sourcecode.swift; path = C2901.swift; sourceTree = "<group>"; };
		072F3A1F2A8F723600059D7E /* C30_Styling.swift */ = {isa = PBXFileReference; lastKnownFileType = sourcecode.swift; path = C30_Styling.swift; sourceTree = "<group>"; };
		072F3A212A8F729900059D7E /* C31_Multiline Text View.swift */ = {isa = PBXFileReference; lastKnownFileType = sourcecode.swift; path = "C31_Multiline Text View.swift"; sourceTree = "<group>"; };
		072F3A232A8F737900059D7E /* C32_Dynamic Type Text Styles.swift */ = {isa = PBXFileReference; lastKnownFileType = sourcecode.swift; path = "C32_Dynamic Type Text Styles.swift"; sourceTree = "<group>"; };
		072F3A252A8F753800059D7E /* C33_Format Text.swift */ = {isa = PBXFileReference; lastKnownFileType = sourcecode.swift; path = "C33_Format Text.swift"; sourceTree = "<group>"; };
		072F3A272A8F76C800059D7E /* Lobster-Regular.ttf */ = {isa = PBXFileReference; lastKnownFileType = file; path = "Lobster-Regular.ttf"; sourceTree = "<group>"; };
		072F3A292A8F770400059D7E /* Info.plist */ = {isa = PBXFileReference; lastKnownFileType = text.plist; path = Info.plist; sourceTree = "<group>"; };
		072F3A2A2A8F773200059D7E /* C34_Custom Fonts.swift */ = {isa = PBXFileReference; lastKnownFileType = sourcecode.swift; path = "C34_Custom Fonts.swift"; sourceTree = "<group>"; };
		072F3A2C2A8F77DD00059D7E /* C35_Text Field.swift */ = {isa = PBXFileReference; lastKnownFileType = sourcecode.swift; path = "C35_Text Field.swift"; sourceTree = "<group>"; };
		072F3A2E2A8F78CB00059D7E /* C36_Secure Field.swift */ = {isa = PBXFileReference; lastKnownFileType = sourcecode.swift; path = "C36_Secure Field.swift"; sourceTree = "<group>"; };
		072F3A302A8F796D00059D7E /* C37_Text Field Keyboard Type.swift */ = {isa = PBXFileReference; lastKnownFileType = sourcecode.swift; path = "C37_Text Field Keyboard Type.swift"; sourceTree = "<group>"; };
		072F3A332A8F7ADB00059D7E /* C40_Image.swift */ = {isa = PBXFileReference; lastKnownFileType = sourcecode.swift; path = C40_Image.swift; sourceTree = "<group>"; };
		072F3A352A8F7C4400059D7E /* C41_Crop an Image.swift */ = {isa = PBXFileReference; lastKnownFileType = sourcecode.swift; path = "C41_Crop an Image.swift"; sourceTree = "<group>"; };
		072F3A372A8F7CEE00059D7E /* C42_Icon from SF Symbols.swift */ = {isa = PBXFileReference; lastKnownFileType = sourcecode.swift; path = "C42_Icon from SF Symbols.swift"; sourceTree = "<group>"; };
		072F3A392A8F7ED000059D7E /* C43_Context.swift */ = {isa = PBXFileReference; lastKnownFileType = sourcecode.swift; path = C43_Context.swift; sourceTree = "<group>"; };
		072F3A3B2A8F7FD200059D7E /* C44_Custom Shape for an Image.swift */ = {isa = PBXFileReference; lastKnownFileType = sourcecode.swift; path = "C44_Custom Shape for an Image.swift"; sourceTree = "<group>"; };
		072F3A3F2A8F815900059D7E /* C45_Shadow.swift */ = {isa = PBXFileReference; lastKnownFileType = sourcecode.swift; path = C45_Shadow.swift; sourceTree = "<group>"; };
		072F3A412A8F840800059D7E /* C46_Filter.swift */ = {isa = PBXFileReference; lastKnownFileType = sourcecode.swift; path = C46_Filter.swift; sourceTree = "<group>"; };
		074355F62AAEBBCA00AE5463 /* Create a Segmented Control.swift */ = {isa = PBXFileReference; lastKnownFileType = sourcecode.swift; path = "Create a Segmented Control.swift"; sourceTree = "<group>"; };
		074355F82AAEBDCC00AE5463 /* Create a Color Picker.swift */ = {isa = PBXFileReference; lastKnownFileType = sourcecode.swift; path = "Create a Color Picker.swift"; sourceTree = "<group>"; };
		074355FB2AAEC14800AE5463 /* Customize Tab View Appearance.swift */ = {isa = PBXFileReference; lastKnownFileType = sourcecode.swift; path = "Customize Tab View Appearance.swift"; sourceTree = "<group>"; };
		074355FD2AAEC25300AE5463 /* Add Custom Icons to Tab View Items.swift */ = {isa = PBXFileReference; lastKnownFileType = sourcecode.swift; path = "Add Custom Icons to Tab View Items.swift"; sourceTree = "<group>"; };
		074355FF2AAEC2F500AE5463 /* Create a Split View.swift */ = {isa = PBXFileReference; lastKnownFileType = sourcecode.swift; path = "Create a Split View.swift"; sourceTree = "<group>"; };
		074356012AAEC50B00AE5463 /* Customize Split View Appearance.swift */ = {isa = PBXFileReference; lastKnownFileType = sourcecode.swift; path = "Customize Split View Appearance.swift"; sourceTree = "<group>"; };
		074356032AAEC7B200AE5463 /* Add Detail View to Split View.swift */ = {isa = PBXFileReference; lastKnownFileType = sourcecode.swift; path = "Add Detail View to Split View.swift"; sourceTree = "<group>"; };
		074356052AAEDA5B00AE5463 /* Present Modal View.swift */ = {isa = PBXFileReference; lastKnownFileType = sourcecode.swift; path = "Present Modal View.swift"; sourceTree = "<group>"; };
		074356072AAEDCAF00AE5463 /* Hide a Tab View.swift */ = {isa = PBXFileReference; lastKnownFileType = sourcecode.swift; path = "Hide a Tab View.swift"; sourceTree = "<group>"; };
		074356092AAEDE7B00AE5463 /* Add a Tab View to Navigation View.swift */ = {isa = PBXFileReference; lastKnownFileType = sourcecode.swift; path = "Add a Tab View to Navigation View.swift"; sourceTree = "<group>"; };
		0743560C2AAEDF2B00AE5463 /* Animate a Progress Bar.swift */ = {isa = PBXFileReference; lastKnownFileType = sourcecode.swift; path = "Animate a Progress Bar.swift"; sourceTree = "<group>"; };
		074356162AAEE4B000AE5463 /* Create a Spinning Activity Indicator.swift */ = {isa = PBXFileReference; lastKnownFileType = sourcecode.swift; path = "Create a Spinning Activity Indicator.swift"; sourceTree = "<group>"; };
		074356182AAEE95100AE5463 /* Customize the Style of Progress Indicators.swift */ = {isa = PBXFileReference; lastKnownFileType = sourcecode.swift; path = "Customize the Style of Progress Indicators.swift"; sourceTree = "<group>"; };
		0743561A2AAEEFD700AE5463 /* Create a Circular Progress Bar.swift */ = {isa = PBXFileReference; lastKnownFileType = sourcecode.swift; path = "Create a Circular Progress Bar.swift"; sourceTree = "<group>"; };
		0743561C2AAEF5FF00AE5463 /* Indicate Indeterminate Progress.swift */ = {isa = PBXFileReference; lastKnownFileType = sourcecode.swift; path = "Indicate Indeterminate Progress.swift"; sourceTree = "<group>"; };
		0743561E2AAEF7F000AE5463 /* Add a Progress View to a Navigation Bar.swift */ = {isa = PBXFileReference; lastKnownFileType = sourcecode.swift; path = "Add a Progress View to a Navigation Bar.swift"; sourceTree = "<group>"; };
		074356202AAEF85B00AE5463 /* Make a Custom Segmented Progress Bar.swift */ = {isa = PBXFileReference; lastKnownFileType = sourcecode.swift; path = "Make a Custom Segmented Progress Bar.swift"; sourceTree = "<group>"; };
		07B592412A9F0CB9008142A2 /* C48_PhotosPicker.swift */ = {isa = PBXFileReference; lastKnownFileType = sourcecode.swift; path = C48_PhotosPicker.swift; sourceTree = "<group>"; };
		07B592432A9F1075008142A2 /* C49_Rendering.swift */ = {isa = PBXFileReference; lastKnownFileType = sourcecode.swift; path = C49_Rendering.swift; sourceTree = "<group>"; };
		07B592462A9F130C008142A2 /* C50_Button.swift */ = {isa = PBXFileReference; lastKnownFileType = sourcecode.swift; path = C50_Button.swift; sourceTree = "<group>"; };
		07B5924A2A9F17A9008142A2 /* C51_DisableButton.swift */ = {isa = PBXFileReference; lastKnownFileType = sourcecode.swift; path = C51_DisableButton.swift; sourceTree = "<group>"; };
		07B5924C2A9F1B3E008142A2 /* C52_IconButton.swift */ = {isa = PBXFileReference; lastKnownFileType = sourcecode.swift; path = C52_IconButton.swift; sourceTree = "<group>"; };
		07BBCBA92AA878D6002A7389 /* ListDemo.swift */ = {isa = PBXFileReference; lastKnownFileType = sourcecode.swift; path = ListDemo.swift; sourceTree = "<group>"; };
		07BBCBAB2AA87BA2002A7389 /* Customize List Rows .swift */ = {isa = PBXFileReference; lastKnownFileType = sourcecode.swift; path = "Customize List Rows .swift"; sourceTree = "<group>"; };
		07BBCBAD2AA87D17002A7389 /* Add Navigation to a List.swift */ = {isa = PBXFileReference; lastKnownFileType = sourcecode.swift; path = "Add Navigation to a List.swift"; sourceTree = "<group>"; };
		07BBCBAF2AA87FF3002A7389 /* NavigationTitle.swift */ = {isa = PBXFileReference; lastKnownFileType = sourcecode.swift; path = NavigationTitle.swift; sourceTree = "<group>"; };
		07BBCBB12AA8810C002A7389 /* Add a Button to a NavigationBar.swift */ = {isa = PBXFileReference; lastKnownFileType = sourcecode.swift; path = "Add a Button to a NavigationBar.swift"; sourceTree = "<group>"; };
		07BBCBB32AA88189002A7389 /* Implement Section Headers in a List.swift */ = {isa = PBXFileReference; lastKnownFileType = sourcecode.swift; path = "Implement Section Headers in a List.swift"; sourceTree = "<group>"; };
		07BBCBB52AA88302002A7389 /* Create a Search Bar in a List.swift */ = {isa = PBXFileReference; lastKnownFileType = sourcecode.swift; path = "Create a Search Bar in a List.swift"; sourceTree = "<group>"; };
		07BBCBB72AA88443002A7389 /* Add Swipe Actions to a List.swift */ = {isa = PBXFileReference; lastKnownFileType = sourcecode.swift; path = "Add Swipe Actions to a List.swift"; sourceTree = "<group>"; };
		07BBCBB92AA885D6002A7389 /* Create a TabView with Lists.swift */ = {isa = PBXFileReference; lastKnownFileType = sourcecode.swift; path = "Create a TabView with Lists.swift"; sourceTree = "<group>"; };
		07BBCBBB2AA886F1002A7389 /* Create an Infinitely Scrolling List.swift */ = {isa = PBXFileReference; lastKnownFileType = sourcecode.swift; path = "Create an Infinitely Scrolling List.swift"; sourceTree = "<group>"; };
		07BBCBBE2AA88890002A7389 /* Create a Form With Sections.swift */ = {isa = PBXFileReference; lastKnownFileType = sourcecode.swift; path = "Create a Form With Sections.swift"; sourceTree = "<group>"; };
		07BBCBC02AA88970002A7389 /* Create a Checkbox.swift */ = {isa = PBXFileReference; lastKnownFileType = sourcecode.swift; path = "Create a Checkbox.swift"; sourceTree = "<group>"; };
		07BBCBC22AA88B2E002A7389 /* Add a Stepper.swift */ = {isa = PBXFileReference; lastKnownFileType = sourcecode.swift; path = "Add a Stepper.swift"; sourceTree = "<group>"; };
		07BBCBC42AA88BCB002A7389 /* Create a Picke.swift */ = {isa = PBXFileReference; lastKnownFileType = sourcecode.swift; path = "Create a Picke.swift"; sourceTree = "<group>"; };
		07BBCBC62AA88E29002A7389 /* Create a Date Picker.swift */ = {isa = PBXFileReference; lastKnownFileType = sourcecode.swift; path = "Create a Date Picker.swift"; sourceTree = "<group>"; };
		07BBCBC82AA88F09002A7389 /* Create a Slider.swift */ = {isa = PBXFileReference; lastKnownFileType = sourcecode.swift; path = "Create a Slider.swift"; sourceTree = "<group>"; };
		07C33A372A9301560089A9B1 /* C47_Blend Two Images.swift */ = {isa = PBXFileReference; lastKnownFileType = sourcecode.swift; path = "C47_Blend Two Images.swift"; sourceTree = "<group>"; };
/* End PBXFileReference section */

/* Begin PBXFrameworksBuildPhase section */
		072F39D52A8F1A8100059D7E /* Frameworks */ = {
			isa = PBXFrameworksBuildPhase;
			buildActionMask = 2147483647;
			files = (
			);
			runOnlyForDeploymentPostprocessing = 0;
		};
/* End PBXFrameworksBuildPhase section */

/* Begin PBXGroup section */
		072F39CF2A8F1A8100059D7E = {
			isa = PBXGroup;
			children = (
				072F39DA2A8F1A8100059D7E /* demo */,
				072F39D92A8F1A8100059D7E /* Products */,
			);
			sourceTree = "<group>";
		};
		072F39D92A8F1A8100059D7E /* Products */ = {
			isa = PBXGroup;
			children = (
				072F39D82A8F1A8100059D7E /* demo.app */,
			);
			name = Products;
			sourceTree = "<group>";
		};
		072F39DA2A8F1A8100059D7E /* demo */ = {
			isa = PBXGroup;
			children = (
				072F3A292A8F770400059D7E /* Info.plist */,
				072F39DB2A8F1A8100059D7E /* demoApp.swift */,
				072F39DD2A8F1A8100059D7E /* ContentView.swift */,
				072F39E92A8F1A9800059D7E /* Started */,
				072F39FA2A8F2E2300059D7E /* View */,
				072F3A092A8F3DFD00059D7E /*  User Interface */,
				072F3A1E2A8F71EA00059D7E /* Text & Fonts */,
				072F3A322A8F7A8300059D7E /* Images & Icons */,
				07B592452A9F12F3008142A2 /* Buttons */,
				07BBCBA62AA876F9002A7389 /* Lists & Navigation */,
				07BBCBBD2AA8885C002A7389 /* Forms & Controls  */,
				074355FA2AAEBF7000AE5463 /* Tab Views & Split Views */,
				0743560B2AAEDEFA00AE5463 /* Progress Indicators */,
				072F39DF2A8F1A8200059D7E /* Assets.xcassets */,
				072F3A272A8F76C800059D7E /* Lobster-Regular.ttf */,
				072F39E12A8F1A8200059D7E /* Preview Content */,
			);
			path = demo;
			sourceTree = "<group>";
		};
		072F39E12A8F1A8200059D7E /* Preview Content */ = {
			isa = PBXGroup;
			children = (
				072F39E22A8F1A8200059D7E /* Preview Assets.xcassets */,
			);
			path = "Preview Content";
			sourceTree = "<group>";
		};
		072F39E92A8F1A9800059D7E /* Started */ = {
			isa = PBXGroup;
			children = (
				072F39EA2A8F1ABB00059D7E /* C01_HelloWorld.swift */,
				072F39EE2A8F1D2F00059D7E /* C02_Previews.swift */,
				072F39F02A8F1EE600059D7E /* C03_ImageView.swift */,
				072F39F22A8F215A00059D7E /* C04_Button.swift */,
				072F39F42A8F22A500059D7E /* C05_NavigationStack.swift */,
				072F39F62A8F273300059D7E /* C06_ListView.swift */,
				072F39F82A8F2C3D00059D7E /* C07_Form.swift */,
			);
			path = Started;
			sourceTree = "<group>";
		};
		072F39FA2A8F2E2300059D7E /* View */ = {
			isa = PBXGroup;
			children = (
				072F39FB2A8F2E3800059D7E /* MyView.swift */,
				072F39FD2A8F321E00059D7E /* C11_Shadows.swift */,
				072F39FF2A8F332200059D7E /* C12_ClipViews.swift */,
				072F3A012A8F378B00059D7E /* C13_Opacity.swift */,
				072F3A032A8F38B300059D7E /* C14_Circular.swift */,
				072F3A052A8F3A2900059D7E /* C15_Grid.swift */,
				072F3A072A8F3C9400059D7E /* C16_ CustomShapeView.swift */,
			);
			path = View;
			sourceTree = "<group>";
		};
		072F3A092A8F3DFD00059D7E /*  User Interface */ = {
			isa = PBXGroup;
			children = (
				072F3A0A2A8F3E3600059D7E /* C21_State.swift */,
				072F3A0C2A8F3F2A00059D7E /* C22_Binding.swift */,
				072F3A0E2A8F423800059D7E /* C23_ObservableObject.swift */,
				072F3A102A8F43CA00059D7E /* C24_Environment Objects.swift */,
				072F3A122A8F4A1900059D7E /* C25_Managing Observable Objects With StateObject.swift */,
				072F3A142A8F64B300059D7E /* C26_Combine.swift */,
				072F3A162A8F66DF00059D7E /* C27_AppStorage.swift */,
				072F3A182A8F67F100059D7E /* C28_SceneStorage.swift */,
				072F3A1A2A8F6A3200059D7E /* C29_Environment.swift */,
				072F3A1C2A8F703800059D7E /* C2901.swift */,
			);
			path = " User Interface";
			sourceTree = "<group>";
		};
		072F3A1E2A8F71EA00059D7E /* Text & Fonts */ = {
			isa = PBXGroup;
			children = (
				072F3A1F2A8F723600059D7E /* C30_Styling.swift */,
				072F3A212A8F729900059D7E /* C31_Multiline Text View.swift */,
				072F3A232A8F737900059D7E /* C32_Dynamic Type Text Styles.swift */,
				072F3A252A8F753800059D7E /* C33_Format Text.swift */,
				072F3A2A2A8F773200059D7E /* C34_Custom Fonts.swift */,
				072F3A2C2A8F77DD00059D7E /* C35_Text Field.swift */,
				072F3A2E2A8F78CB00059D7E /* C36_Secure Field.swift */,
				072F3A302A8F796D00059D7E /* C37_Text Field Keyboard Type.swift */,
			);
			path = "Text & Fonts";
			sourceTree = "<group>";
		};
		072F3A322A8F7A8300059D7E /* Images & Icons */ = {
			isa = PBXGroup;
			children = (
				072F3A332A8F7ADB00059D7E /* C40_Image.swift */,
				072F3A352A8F7C4400059D7E /* C41_Crop an Image.swift */,
				072F3A372A8F7CEE00059D7E /* C42_Icon from SF Symbols.swift */,
				072F3A392A8F7ED000059D7E /* C43_Context.swift */,
				072F3A3B2A8F7FD200059D7E /* C44_Custom Shape for an Image.swift */,
				072F3A3F2A8F815900059D7E /* C45_Shadow.swift */,
				072F3A412A8F840800059D7E /* C46_Filter.swift */,
				07C33A372A9301560089A9B1 /* C47_Blend Two Images.swift */,
				07B592412A9F0CB9008142A2 /* C48_PhotosPicker.swift */,
				07B592432A9F1075008142A2 /* C49_Rendering.swift */,
			);
			path = "Images & Icons";
			sourceTree = "<group>";
		};
		074355FA2AAEBF7000AE5463 /* Tab Views & Split Views */ = {
			isa = PBXGroup;
			children = (
				074355FB2AAEC14800AE5463 /* Customize Tab View Appearance.swift */,
				074355FD2AAEC25300AE5463 /* Add Custom Icons to Tab View Items.swift */,
				074355FF2AAEC2F500AE5463 /* Create a Split View.swift */,
				074356012AAEC50B00AE5463 /* Customize Split View Appearance.swift */,
				074356032AAEC7B200AE5463 /* Add Detail View to Split View.swift */,
				074356052AAEDA5B00AE5463 /* Present Modal View.swift */,
				074356072AAEDCAF00AE5463 /* Hide a Tab View.swift */,
				074356092AAEDE7B00AE5463 /* Add a Tab View to Navigation View.swift */,
			);
			path = "Tab Views & Split Views";
			sourceTree = "<group>";
		};
		0743560B2AAEDEFA00AE5463 /* Progress Indicators */ = {
			isa = PBXGroup;
			children = (
				0743560C2AAEDF2B00AE5463 /* Animate a Progress Bar.swift */,
				074356162AAEE4B000AE5463 /* Create a Spinning Activity Indicator.swift */,
				074356182AAEE95100AE5463 /* Customize the Style of Progress Indicators.swift */,
				0743561A2AAEEFD700AE5463 /* Create a Circular Progress Bar.swift */,
				0743561C2AAEF5FF00AE5463 /* Indicate Indeterminate Progress.swift */,
				0743561E2AAEF7F000AE5463 /* Add a Progress View to a Navigation Bar.swift */,
				074356202AAEF85B00AE5463 /* Make a Custom Segmented Progress Bar.swift */,
			);
			path = "Progress Indicators";
			sourceTree = "<group>";
		};
		07B592452A9F12F3008142A2 /* Buttons */ = {
			isa = PBXGroup;
			children = (
				07B592462A9F130C008142A2 /* C50_Button.swift */,
				07B5924A2A9F17A9008142A2 /* C51_DisableButton.swift */,
				07B5924C2A9F1B3E008142A2 /* C52_IconButton.swift */,
			);
			path = Buttons;
			sourceTree = "<group>";
		};
		07BBCBA62AA876F9002A7389 /* Lists & Navigation */ = {
			isa = PBXGroup;
			children = (
				07BBCBA92AA878D6002A7389 /* ListDemo.swift */,
				07BBCBAB2AA87BA2002A7389 /* Customize List Rows .swift */,
				07BBCBAD2AA87D17002A7389 /* Add Navigation to a List.swift */,
				07BBCBAF2AA87FF3002A7389 /* NavigationTitle.swift */,
				07BBCBB12AA8810C002A7389 /* Add a Button to a NavigationBar.swift */,
				07BBCBB32AA88189002A7389 /* Implement Section Headers in a List.swift */,
				07BBCBB52AA88302002A7389 /* Create a Search Bar in a List.swift */,
				07BBCBB72AA88443002A7389 /* Add Swipe Actions to a List.swift */,
				07BBCBB92AA885D6002A7389 /* Create a TabView with Lists.swift */,
				07BBCBBB2AA886F1002A7389 /* Create an Infinitely Scrolling List.swift */,
			);
			path = "Lists & Navigation";
			sourceTree = "<group>";
		};
		07BBCBBD2AA8885C002A7389 /* Forms & Controls  */ = {
			isa = PBXGroup;
			children = (
				07BBCBBE2AA88890002A7389 /* Create a Form With Sections.swift */,
				07BBCBC02AA88970002A7389 /* Create a Checkbox.swift */,
				07BBCBC22AA88B2E002A7389 /* Add a Stepper.swift */,
				07BBCBC42AA88BCB002A7389 /* Create a Picke.swift */,
				07BBCBC62AA88E29002A7389 /* Create a Date Picker.swift */,
				07BBCBC82AA88F09002A7389 /* Create a Slider.swift */,
				074355F62AAEBBCA00AE5463 /* Create a Segmented Control.swift */,
				074355F82AAEBDCC00AE5463 /* Create a Color Picker.swift */,
			);
			path = "Forms & Controls ";
			sourceTree = "<group>";
		};
/* End PBXGroup section */

/* Begin PBXNativeTarget section */
		072F39D72A8F1A8100059D7E /* demo */ = {
			isa = PBXNativeTarget;
			buildConfigurationList = 072F39E62A8F1A8200059D7E /* Build configuration list for PBXNativeTarget "demo" */;
			buildPhases = (
				072F39D42A8F1A8100059D7E /* Sources */,
				072F39D52A8F1A8100059D7E /* Frameworks */,
				072F39D62A8F1A8100059D7E /* Resources */,
			);
			buildRules = (
			);
			dependencies = (
			);
			name = demo;
			productName = demo;
			productReference = 072F39D82A8F1A8100059D7E /* demo.app */;
			productType = "com.apple.product-type.application";
		};
/* End PBXNativeTarget section */

/* Begin PBXProject section */
		072F39D02A8F1A8100059D7E /* Project object */ = {
			isa = PBXProject;
			attributes = {
				BuildIndependentTargetsInParallel = 1;
				LastSwiftUpdateCheck = 1430;
				LastUpgradeCheck = 1430;
				TargetAttributes = {
					072F39D72A8F1A8100059D7E = {
						CreatedOnToolsVersion = 14.3.1;
					};
				};
			};
			buildConfigurationList = 072F39D32A8F1A8100059D7E /* Build configuration list for PBXProject "demo" */;
			compatibilityVersion = "Xcode 14.0";
			developmentRegion = en;
			hasScannedForEncodings = 0;
			knownRegions = (
				en,
				Base,
			);
			mainGroup = 072F39CF2A8F1A8100059D7E;
			productRefGroup = 072F39D92A8F1A8100059D7E /* Products */;
			projectDirPath = "";
			projectRoot = "";
			targets = (
				072F39D72A8F1A8100059D7E /* demo */,
			);
		};
/* End PBXProject section */

/* Begin PBXResourcesBuildPhase section */
		072F39D62A8F1A8100059D7E /* Resources */ = {
			isa = PBXResourcesBuildPhase;
			buildActionMask = 2147483647;
			files = (
				072F39E32A8F1A8200059D7E /* Preview Assets.xcassets in Resources */,
				072F3A282A8F76C900059D7E /* Lobster-Regular.ttf in Resources */,
				072F39E02A8F1A8200059D7E /* Assets.xcassets in Resources */,
			);
			runOnlyForDeploymentPostprocessing = 0;
		};
/* End PBXResourcesBuildPhase section */

/* Begin PBXSourcesBuildPhase section */
		072F39D42A8F1A8100059D7E /* Sources */ = {
			isa = PBXSourcesBuildPhase;
			buildActionMask = 2147483647;
			files = (
				07BBCBB62AA88302002A7389 /* Create a Search Bar in a List.swift in Sources */,
				072F39DE2A8F1A8100059D7E /* ContentView.swift in Sources */,
				072F39F12A8F1EE600059D7E /* C03_ImageView.swift in Sources */,
				072F3A2D2A8F77DD00059D7E /* C35_Text Field.swift in Sources */,
				072F3A1B2A8F6A3200059D7E /* C29_Environment.swift in Sources */,
				072F39FE2A8F321E00059D7E /* C11_Shadows.swift in Sources */,
				072F3A262A8F753800059D7E /* C33_Format Text.swift in Sources */,
				072F39FC2A8F2E3800059D7E /* MyView.swift in Sources */,
				07BBCBBC2AA886F1002A7389 /* Create an Infinitely Scrolling List.swift in Sources */,
				072F3A202A8F723600059D7E /* C30_Styling.swift in Sources */,
				072F3A0F2A8F423800059D7E /* C23_ObservableObject.swift in Sources */,
				072F3A062A8F3A2900059D7E /* C15_Grid.swift in Sources */,
				072F3A082A8F3C9400059D7E /* C16_ CustomShapeView.swift in Sources */,
				072F3A3C2A8F7FD200059D7E /* C44_Custom Shape for an Image.swift in Sources */,
				072F3A2B2A8F773200059D7E /* C34_Custom Fonts.swift in Sources */,
				072F39EB2A8F1ABB00059D7E /* C01_HelloWorld.swift in Sources */,
				072F3A002A8F332200059D7E /* C12_ClipViews.swift in Sources */,
				074355FC2AAEC14800AE5463 /* Customize Tab View Appearance.swift in Sources */,
				07BBCBB42AA88189002A7389 /* Implement Section Headers in a List.swift in Sources */,
				072F3A022A8F378C00059D7E /* C13_Opacity.swift in Sources */,
				072F39EF2A8F1D2F00059D7E /* C02_Previews.swift in Sources */,
				0743561D2AAEF5FF00AE5463 /* Indicate Indeterminate Progress.swift in Sources */,
				07BBCBAA2AA878D6002A7389 /* ListDemo.swift in Sources */,
				074355FE2AAEC25300AE5463 /* Add Custom Icons to Tab View Items.swift in Sources */,
				0743560A2AAEDE7B00AE5463 /* Add a Tab View to Navigation View.swift in Sources */,
				072F3A152A8F64B300059D7E /* C26_Combine.swift in Sources */,
				07B5924B2A9F17A9008142A2 /* C51_DisableButton.swift in Sources */,
				072F3A242A8F737900059D7E /* C32_Dynamic Type Text Styles.swift in Sources */,
				072F39F72A8F273300059D7E /* C06_ListView.swift in Sources */,
				072F3A312A8F796D00059D7E /* C37_Text Field Keyboard Type.swift in Sources */,
				074355F72AAEBBCA00AE5463 /* Create a Segmented Control.swift in Sources */,
				074355F92AAEBDCC00AE5463 /* Create a Color Picker.swift in Sources */,
				072F3A2F2A8F78CB00059D7E /* C36_Secure Field.swift in Sources */,
				07BBCBC32AA88B2E002A7389 /* Add a Stepper.swift in Sources */,
				07BBCBBA2AA885D6002A7389 /* Create a TabView with Lists.swift in Sources */,
				074356192AAEE95100AE5463 /* Customize the Style of Progress Indicators.swift in Sources */,
				07B592422A9F0CB9008142A2 /* C48_PhotosPicker.swift in Sources */,
				072F3A0B2A8F3E3600059D7E /* C21_State.swift in Sources */,
				072F3A422A8F840800059D7E /* C46_Filter.swift in Sources */,
				074356002AAEC2F500AE5463 /* Create a Split View.swift in Sources */,
				072F39DC2A8F1A8100059D7E /* demoApp.swift in Sources */,
				072F3A362A8F7C4400059D7E /* C41_Crop an Image.swift in Sources */,
				07BBCBB02AA87FF3002A7389 /* NavigationTitle.swift in Sources */,
				0743561F2AAEF7F000AE5463 /* Add a Progress View to a Navigation Bar.swift in Sources */,
				072F3A0D2A8F3F2A00059D7E /* C22_Binding.swift in Sources */,
				07BBCBAC2AA87BA2002A7389 /* Customize List Rows .swift in Sources */,
				072F3A192A8F67F100059D7E /* C28_SceneStorage.swift in Sources */,
				07BBCBBF2AA88890002A7389 /* Create a Form With Sections.swift in Sources */,
				072F3A112A8F43CA00059D7E /* C24_Environment Objects.swift in Sources */,
				072F3A132A8F4A1900059D7E /* C25_Managing Observable Objects With StateObject.swift in Sources */,
				07BBCBB22AA8810C002A7389 /* Add a Button to a NavigationBar.swift in Sources */,
				07B5924D2A9F1B3E008142A2 /* C52_IconButton.swift in Sources */,
				072F39F32A8F215A00059D7E /* C04_Button.swift in Sources */,
				074356212AAEF85B00AE5463 /* Make a Custom Segmented Progress Bar.swift in Sources */,
				0743561B2AAEEFD700AE5463 /* Create a Circular Progress Bar.swift in Sources */,
				07BBCBC92AA88F09002A7389 /* Create a Slider.swift in Sources */,
				07BBCBAE2AA87D17002A7389 /* Add Navigation to a List.swift in Sources */,
				072F3A1D2A8F703800059D7E /* C2901.swift in Sources */,
				072F3A3A2A8F7ED000059D7E /* C43_Context.swift in Sources */,
				074356082AAEDCAF00AE5463 /* Hide a Tab View.swift in Sources */,
				072F3A172A8F66DF00059D7E /* C27_AppStorage.swift in Sources */,
				07BBCBC12AA88970002A7389 /* Create a Checkbox.swift in Sources */,
				072F39F52A8F22A500059D7E /* C05_NavigationStack.swift in Sources */,
				072F3A222A8F729900059D7E /* C31_Multiline Text View.swift in Sources */,
				074356042AAEC7B200AE5463 /* Add Detail View to Split View.swift in Sources */,
				072F3A342A8F7ADB00059D7E /* C40_Image.swift in Sources */,
				07C33A382A9301560089A9B1 /* C47_Blend Two Images.swift in Sources */,
				07B592472A9F130C008142A2 /* C50_Button.swift in Sources */,
				072F3A402A8F815900059D7E /* C45_Shadow.swift in Sources */,
				07BBCBB82AA88443002A7389 /* Add Swipe Actions to a List.swift in Sources */,
				072F39F92A8F2C3D00059D7E /* C07_Form.swift in Sources */,
				074356172AAEE4B000AE5463 /* Create a Spinning Activity Indicator.swift in Sources */,
				074356062AAEDA5B00AE5463 /* Present Modal View.swift in Sources */,
				07BBCBC52AA88BCB002A7389 /* Create a Picke.swift in Sources */,
				072F3A042A8F38B300059D7E /* C14_Circular.swift in Sources */,
				074356022AAEC50B00AE5463 /* Customize Split View Appearance.swift in Sources */,
				072F3A382A8F7CEE00059D7E /* C42_Icon from SF Symbols.swift in Sources */,
				07BBCBC72AA88E29002A7389 /* Create a Date Picker.swift in Sources */,
				07B592442A9F1075008142A2 /* C49_Rendering.swift in Sources */,
				0743560D2AAEDF2B00AE5463 /* Animate a Progress Bar.swift in Sources */,
			);
			runOnlyForDeploymentPostprocessing = 0;
		};
/* End PBXSourcesBuildPhase section */

/* Begin XCBuildConfiguration section */
		072F39E42A8F1A8200059D7E /* Debug */ = {
			isa = XCBuildConfiguration;
			buildSettings = {
				ALWAYS_SEARCH_USER_PATHS = NO;
				CLANG_ANALYZER_NONNULL = YES;
				CLANG_ANALYZER_NUMBER_OBJECT_CONVERSION = YES_AGGRESSIVE;
				CLANG_CXX_LANGUAGE_STANDARD = "gnu++20";
				CLANG_ENABLE_MODULES = YES;
				CLANG_ENABLE_OBJC_ARC = YES;
				CLANG_ENABLE_OBJC_WEAK = YES;
				CLANG_WARN_BLOCK_CAPTURE_AUTORELEASING = YES;
				CLANG_WARN_BOOL_CONVERSION = YES;
				CLANG_WARN_COMMA = YES;
				CLANG_WARN_CONSTANT_CONVERSION = YES;
				CLANG_WARN_DEPRECATED_OBJC_IMPLEMENTATIONS = YES;
				CLANG_WARN_DIRECT_OBJC_ISA_USAGE = YES_ERROR;
				CLANG_WARN_DOCUMENTATION_COMMENTS = YES;
				CLANG_WARN_EMPTY_BODY = YES;
				CLANG_WARN_ENUM_CONVERSION = YES;
				CLANG_WARN_INFINITE_RECURSION = YES;
				CLANG_WARN_INT_CONVERSION = YES;
				CLANG_WARN_NON_LITERAL_NULL_CONVERSION = YES;
				CLANG_WARN_OBJC_IMPLICIT_RETAIN_SELF = YES;
				CLANG_WARN_OBJC_LITERAL_CONVERSION = YES;
				CLANG_WARN_OBJC_ROOT_CLASS = YES_ERROR;
				CLANG_WARN_QUOTED_INCLUDE_IN_FRAMEWORK_HEADER = YES;
				CLANG_WARN_RANGE_LOOP_ANALYSIS = YES;
				CLANG_WARN_STRICT_PROTOTYPES = YES;
				CLANG_WARN_SUSPICIOUS_MOVE = YES;
				CLANG_WARN_UNGUARDED_AVAILABILITY = YES_AGGRESSIVE;
				CLANG_WARN_UNREACHABLE_CODE = YES;
				CLANG_WARN__DUPLICATE_METHOD_MATCH = YES;
				COPY_PHASE_STRIP = NO;
				DEBUG_INFORMATION_FORMAT = dwarf;
				ENABLE_STRICT_OBJC_MSGSEND = YES;
				ENABLE_TESTABILITY = YES;
				GCC_C_LANGUAGE_STANDARD = gnu11;
				GCC_DYNAMIC_NO_PIC = NO;
				GCC_NO_COMMON_BLOCKS = YES;
				GCC_OPTIMIZATION_LEVEL = 0;
				GCC_PREPROCESSOR_DEFINITIONS = (
					"DEBUG=1",
					"$(inherited)",
				);
				GCC_WARN_64_TO_32_BIT_CONVERSION = YES;
				GCC_WARN_ABOUT_RETURN_TYPE = YES_ERROR;
				GCC_WARN_UNDECLARED_SELECTOR = YES;
				GCC_WARN_UNINITIALIZED_AUTOS = YES_AGGRESSIVE;
				GCC_WARN_UNUSED_FUNCTION = YES;
				GCC_WARN_UNUSED_VARIABLE = YES;
				IPHONEOS_DEPLOYMENT_TARGET = 16.4;
				MTL_ENABLE_DEBUG_INFO = INCLUDE_SOURCE;
				MTL_FAST_MATH = YES;
				ONLY_ACTIVE_ARCH = YES;
				SDKROOT = iphoneos;
				SWIFT_ACTIVE_COMPILATION_CONDITIONS = DEBUG;
				SWIFT_OPTIMIZATION_LEVEL = "-Onone";
			};
			name = Debug;
		};
		072F39E52A8F1A8200059D7E /* Release */ = {
			isa = XCBuildConfiguration;
			buildSettings = {
				ALWAYS_SEARCH_USER_PATHS = NO;
				CLANG_ANALYZER_NONNULL = YES;
				CLANG_ANALYZER_NUMBER_OBJECT_CONVERSION = YES_AGGRESSIVE;
				CLANG_CXX_LANGUAGE_STANDARD = "gnu++20";
				CLANG_ENABLE_MODULES = YES;
				CLANG_ENABLE_OBJC_ARC = YES;
				CLANG_ENABLE_OBJC_WEAK = YES;
				CLANG_WARN_BLOCK_CAPTURE_AUTORELEASING = YES;
				CLANG_WARN_BOOL_CONVERSION = YES;
				CLANG_WARN_COMMA = YES;
				CLANG_WARN_CONSTANT_CONVERSION = YES;
				CLANG_WARN_DEPRECATED_OBJC_IMPLEMENTATIONS = YES;
				CLANG_WARN_DIRECT_OBJC_ISA_USAGE = YES_ERROR;
				CLANG_WARN_DOCUMENTATION_COMMENTS = YES;
				CLANG_WARN_EMPTY_BODY = YES;
				CLANG_WARN_ENUM_CONVERSION = YES;
				CLANG_WARN_INFINITE_RECURSION = YES;
				CLANG_WARN_INT_CONVERSION = YES;
				CLANG_WARN_NON_LITERAL_NULL_CONVERSION = YES;
				CLANG_WARN_OBJC_IMPLICIT_RETAIN_SELF = YES;
				CLANG_WARN_OBJC_LITERAL_CONVERSION = YES;
				CLANG_WARN_OBJC_ROOT_CLASS = YES_ERROR;
				CLANG_WARN_QUOTED_INCLUDE_IN_FRAMEWORK_HEADER = YES;
				CLANG_WARN_RANGE_LOOP_ANALYSIS = YES;
				CLANG_WARN_STRICT_PROTOTYPES = YES;
				CLANG_WARN_SUSPICIOUS_MOVE = YES;
				CLANG_WARN_UNGUARDED_AVAILABILITY = YES_AGGRESSIVE;
				CLANG_WARN_UNREACHABLE_CODE = YES;
				CLANG_WARN__DUPLICATE_METHOD_MATCH = YES;
				COPY_PHASE_STRIP = NO;
				DEBUG_INFORMATION_FORMAT = "dwarf-with-dsym";
				ENABLE_NS_ASSERTIONS = NO;
				ENABLE_STRICT_OBJC_MSGSEND = YES;
				GCC_C_LANGUAGE_STANDARD = gnu11;
				GCC_NO_COMMON_BLOCKS = YES;
				GCC_WARN_64_TO_32_BIT_CONVERSION = YES;
				GCC_WARN_ABOUT_RETURN_TYPE = YES_ERROR;
				GCC_WARN_UNDECLARED_SELECTOR = YES;
				GCC_WARN_UNINITIALIZED_AUTOS = YES_AGGRESSIVE;
				GCC_WARN_UNUSED_FUNCTION = YES;
				GCC_WARN_UNUSED_VARIABLE = YES;
				IPHONEOS_DEPLOYMENT_TARGET = 16.4;
				MTL_ENABLE_DEBUG_INFO = NO;
				MTL_FAST_MATH = YES;
				SDKROOT = iphoneos;
				SWIFT_COMPILATION_MODE = wholemodule;
				SWIFT_OPTIMIZATION_LEVEL = "-O";
				VALIDATE_PRODUCT = YES;
			};
			name = Release;
		};
		072F39E72A8F1A8200059D7E /* Debug */ = {
			isa = XCBuildConfiguration;
			buildSettings = {
				ASSETCATALOG_COMPILER_APPICON_NAME = AppIcon;
				ASSETCATALOG_COMPILER_GLOBAL_ACCENT_COLOR_NAME = AccentColor;
				CODE_SIGN_STYLE = Automatic;
				CURRENT_PROJECT_VERSION = 1;
				DEVELOPMENT_ASSET_PATHS = "\"demo/Preview Content\"";
				ENABLE_PREVIEWS = YES;
				GENERATE_INFOPLIST_FILE = YES;
				INFOPLIST_FILE = demo/Info.plist;
				INFOPLIST_KEY_UIApplicationSceneManifest_Generation = YES;
				INFOPLIST_KEY_UIApplicationSupportsIndirectInputEvents = YES;
				INFOPLIST_KEY_UILaunchScreen_Generation = YES;
				INFOPLIST_KEY_UISupportedInterfaceOrientations_iPad = "UIInterfaceOrientationPortrait UIInterfaceOrientationPortraitUpsideDown UIInterfaceOrientationLandscapeLeft UIInterfaceOrientationLandscapeRight";
				INFOPLIST_KEY_UISupportedInterfaceOrientations_iPhone = "UIInterfaceOrientationPortrait UIInterfaceOrientationLandscapeLeft UIInterfaceOrientationLandscapeRight";
				LD_RUNPATH_SEARCH_PATHS = (
					"$(inherited)",
					"@executable_path/Frameworks",
				);
				MARKETING_VERSION = 1.0;
				PRODUCT_BUNDLE_IDENTIFIER = dev.demo;
				PRODUCT_NAME = "$(TARGET_NAME)";
				SWIFT_EMIT_LOC_STRINGS = YES;
				SWIFT_VERSION = 5.0;
				TARGETED_DEVICE_FAMILY = "1,2";
			};
			name = Debug;
		};
		072F39E82A8F1A8200059D7E /* Release */ = {
			isa = XCBuildConfiguration;
			buildSettings = {
				ASSETCATALOG_COMPILER_APPICON_NAME = AppIcon;
				ASSETCATALOG_COMPILER_GLOBAL_ACCENT_COLOR_NAME = AccentColor;
				CODE_SIGN_STYLE = Automatic;
				CURRENT_PROJECT_VERSION = 1;
				DEVELOPMENT_ASSET_PATHS = "\"demo/Preview Content\"";
				ENABLE_PREVIEWS = YES;
				GENERATE_INFOPLIST_FILE = YES;
				INFOPLIST_FILE = demo/Info.plist;
				INFOPLIST_KEY_UIApplicationSceneManifest_Generation = YES;
				INFOPLIST_KEY_UIApplicationSupportsIndirectInputEvents = YES;
				INFOPLIST_KEY_UILaunchScreen_Generation = YES;
				INFOPLIST_KEY_UISupportedInterfaceOrientations_iPad = "UIInterfaceOrientationPortrait UIInterfaceOrientationPortraitUpsideDown UIInterfaceOrientationLandscapeLeft UIInterfaceOrientationLandscapeRight";
				INFOPLIST_KEY_UISupportedInterfaceOrientations_iPhone = "UIInterfaceOrientationPortrait UIInterfaceOrientationLandscapeLeft UIInterfaceOrientationLandscapeRight";
				LD_RUNPATH_SEARCH_PATHS = (
					"$(inherited)",
					"@executable_path/Frameworks",
				);
				MARKETING_VERSION = 1.0;
				PRODUCT_BUNDLE_IDENTIFIER = dev.demo;
				PRODUCT_NAME = "$(TARGET_NAME)";
				SWIFT_EMIT_LOC_STRINGS = YES;
				SWIFT_VERSION = 5.0;
				TARGETED_DEVICE_FAMILY = "1,2";
			};
			name = Release;
		};
/* End XCBuildConfiguration section */

/* Begin XCConfigurationList section */
		072F39D32A8F1A8100059D7E /* Build configuration list for PBXProject "demo" */ = {
			isa = XCConfigurationList;
			buildConfigurations = (
				072F39E42A8F1A8200059D7E /* Debug */,
				072F39E52A8F1A8200059D7E /* Release */,
			);
			defaultConfigurationIsVisible = 0;
			defaultConfigurationName = Release;
		};
		072F39E62A8F1A8200059D7E /* Build configuration list for PBXNativeTarget "demo" */ = {
			isa = XCConfigurationList;
			buildConfigurations = (
				072F39E72A8F1A8200059D7E /* Debug */,
				072F39E82A8F1A8200059D7E /* Release */,
			);
			defaultConfigurationIsVisible = 0;
			defaultConfigurationName = Release;
		};
/* End XCConfigurationList section */
	};
	rootObject = 072F39D02A8F1A8100059D7E /* Project object */;
}
